// !$*UTF8*$!
{
	archiveVersion = 1;
	classes = {
	};
	objectVersion = 55;
	objects = {

/* Begin PBXBuildFile section */
		480A9A5127D220C3009F63A0 /* ApiDemo.swift in Sources */ = {isa = PBXBuildFile; fileRef = 480A9A5027D220C3009F63A0 /* ApiDemo.swift */; };
		4816266727D0CC7C00A41850 /* calender.swift in Sources */ = {isa = PBXBuildFile; fileRef = 4816266627D0CC7C00A41850 /* calender.swift */; };
		4838B64727BA897C0020D517 /* emma_fitme_mmhApp.swift in Sources */ = {isa = PBXBuildFile; fileRef = 4838B64627BA897C0020D517 /* emma_fitme_mmhApp.swift */; };
		4838B64927BA897C0020D517 /* ContentView.swift in Sources */ = {isa = PBXBuildFile; fileRef = 4838B64827BA897C0020D517 /* ContentView.swift */; };
		4838B64B27BA897E0020D517 /* Assets.xcassets in Resources */ = {isa = PBXBuildFile; fileRef = 4838B64A27BA897E0020D517 /* Assets.xcassets */; };
		4838B64E27BA897E0020D517 /* Preview Assets.xcassets in Resources */ = {isa = PBXBuildFile; fileRef = 4838B64D27BA897E0020D517 /* Preview Assets.xcassets */; };
		4838B65527BA8AC10020D517 /* TabBar.swift in Sources */ = {isa = PBXBuildFile; fileRef = 4838B65427BA8AC10020D517 /* TabBar.swift */; };
		4838B65927BA9D650020D517 /* Tab.swift in Sources */ = {isa = PBXBuildFile; fileRef = 4838B65827BA9D650020D517 /* Tab.swift */; };
		4838B65C27BAA8070020D517 /* Programs.swift in Sources */ = {isa = PBXBuildFile; fileRef = 4838B65B27BAA8070020D517 /* Programs.swift */; };
		4838B65E27BAA81E0020D517 /* YourPlan.swift in Sources */ = {isa = PBXBuildFile; fileRef = 4838B65D27BAA81E0020D517 /* YourPlan.swift */; };
		4838B66027BAA82D0020D517 /* Exercise.swift in Sources */ = {isa = PBXBuildFile; fileRef = 4838B65F27BAA82D0020D517 /* Exercise.swift */; };
		4838B66227BAA83D0020D517 /* Profiles.swift in Sources */ = {isa = PBXBuildFile; fileRef = 4838B66127BAA83D0020D517 /* Profiles.swift */; };
		4859DA0927BFE12E00E398D3 /* exercise-list.swift in Sources */ = {isa = PBXBuildFile; fileRef = 4859DA0827BFE12E00E398D3 /* exercise-list.swift */; };
		48C3309927DB610B007ED245 /* MatchedGeometryEffect.swift in Sources */ = {isa = PBXBuildFile; fileRef = 48C3309827DB610B007ED245 /* MatchedGeometryEffect.swift */; };
		48C3309B27DB7047007ED245 /* PlayView.swift in Sources */ = {isa = PBXBuildFile; fileRef = 48C3309A27DB7047007ED245 /* PlayView.swift */; };
		48E6F0C627C534EB00402199 /* ProfileHeader.swift in Sources */ = {isa = PBXBuildFile; fileRef = 48E6F0C527C534EB00402199 /* ProfileHeader.swift */; };
		48E6F0C827C5377E00402199 /* profileList.swift in Sources */ = {isa = PBXBuildFile; fileRef = 48E6F0C727C5377E00402199 /* profileList.swift */; };
		48EA754627CD212400EFB89A /* picker.swift in Sources */ = {isa = PBXBuildFile; fileRef = 48EA754527CD212400EFB89A /* picker.swift */; };
/* End PBXBuildFile section */

/* Begin PBXFileReference section */
		480A9A5027D220C3009F63A0 /* ApiDemo.swift */ = {isa = PBXFileReference; lastKnownFileType = sourcecode.swift; path = ApiDemo.swift; sourceTree = "<group>"; };
		4816266627D0CC7C00A41850 /* calender.swift */ = {isa = PBXFileReference; lastKnownFileType = sourcecode.swift; path = calender.swift; sourceTree = "<group>"; };
		4838B64327BA897C0020D517 /* emma-fitme-mmh.app */ = {isa = PBXFileReference; explicitFileType = wrapper.application; includeInIndex = 0; path = "emma-fitme-mmh.app"; sourceTree = BUILT_PRODUCTS_DIR; };
		4838B64627BA897C0020D517 /* emma_fitme_mmhApp.swift */ = {isa = PBXFileReference; lastKnownFileType = sourcecode.swift; path = emma_fitme_mmhApp.swift; sourceTree = "<group>"; };
		4838B64827BA897C0020D517 /* ContentView.swift */ = {isa = PBXFileReference; lastKnownFileType = sourcecode.swift; path = ContentView.swift; sourceTree = "<group>"; };
		4838B64A27BA897E0020D517 /* Assets.xcassets */ = {isa = PBXFileReference; lastKnownFileType = folder.assetcatalog; path = Assets.xcassets; sourceTree = "<group>"; };
		4838B64D27BA897E0020D517 /* Preview Assets.xcassets */ = {isa = PBXFileReference; lastKnownFileType = folder.assetcatalog; path = "Preview Assets.xcassets"; sourceTree = "<group>"; };
		4838B65427BA8AC10020D517 /* TabBar.swift */ = {isa = PBXFileReference; lastKnownFileType = sourcecode.swift; path = TabBar.swift; sourceTree = "<group>"; };
		4838B65827BA9D650020D517 /* Tab.swift */ = {isa = PBXFileReference; lastKnownFileType = sourcecode.swift; path = Tab.swift; sourceTree = "<group>"; };
		4838B65B27BAA8070020D517 /* Programs.swift */ = {isa = PBXFileReference; lastKnownFileType = sourcecode.swift; path = Programs.swift; sourceTree = "<group>"; };
		4838B65D27BAA81E0020D517 /* YourPlan.swift */ = {isa = PBXFileReference; lastKnownFileType = sourcecode.swift; path = YourPlan.swift; sourceTree = "<group>"; };
		4838B65F27BAA82D0020D517 /* Exercise.swift */ = {isa = PBXFileReference; lastKnownFileType = sourcecode.swift; path = Exercise.swift; sourceTree = "<group>"; };
		4838B66127BAA83D0020D517 /* Profiles.swift */ = {isa = PBXFileReference; lastKnownFileType = sourcecode.swift; path = Profiles.swift; sourceTree = "<group>"; };
		4859DA0827BFE12E00E398D3 /* exercise-list.swift */ = {isa = PBXFileReference; lastKnownFileType = sourcecode.swift; path = "exercise-list.swift"; sourceTree = "<group>"; };
		48C3309827DB610B007ED245 /* MatchedGeometryEffect.swift */ = {isa = PBXFileReference; lastKnownFileType = sourcecode.swift; path = MatchedGeometryEffect.swift; sourceTree = "<group>"; };
		48C3309A27DB7047007ED245 /* PlayView.swift */ = {isa = PBXFileReference; lastKnownFileType = sourcecode.swift; path = PlayView.swift; sourceTree = "<group>"; };
		48E6F0C527C534EB00402199 /* ProfileHeader.swift */ = {isa = PBXFileReference; lastKnownFileType = sourcecode.swift; path = ProfileHeader.swift; sourceTree = "<group>"; };
		48E6F0C727C5377E00402199 /* profileList.swift */ = {isa = PBXFileReference; lastKnownFileType = sourcecode.swift; path = profileList.swift; sourceTree = "<group>"; };
		48EA754527CD212400EFB89A /* picker.swift */ = {isa = PBXFileReference; lastKnownFileType = sourcecode.swift; path = picker.swift; sourceTree = "<group>"; };
/* End PBXFileReference section */

/* Begin PBXFrameworksBuildPhase section */
		4838B64027BA897C0020D517 /* Frameworks */ = {
			isa = PBXFrameworksBuildPhase;
			buildActionMask = 2147483647;
			files = (
			);
			runOnlyForDeploymentPostprocessing = 0;
		};
/* End PBXFrameworksBuildPhase section */

/* Begin PBXGroup section */
		4838B63A27BA897C0020D517 = {
			isa = PBXGroup;
			children = (
				48C3309727DB60BC007ED245 /* HelperScreens */,
				4838B64527BA897C0020D517 /* emma-fitme-mmh */,
				4838B64427BA897C0020D517 /* Products */,
			);
			sourceTree = "<group>";
		};
		4838B64427BA897C0020D517 /* Products */ = {
			isa = PBXGroup;
			children = (
				4838B64327BA897C0020D517 /* emma-fitme-mmh.app */,
			);
			name = Products;
			sourceTree = "<group>";
		};
		4838B64527BA897C0020D517 /* emma-fitme-mmh */ = {
			isa = PBXGroup;
			children = (
				4838B64627BA897C0020D517 /* emma_fitme_mmhApp.swift */,
				4883D1EC27CF9CE30008B3DD /* Models */,
				4838B65A27BAA7EE0020D517 /* Views */,
				4859DA0727BFE10800E398D3 /* Components */,
				4838B64C27BA897E0020D517 /* Preview Content */,
			);
			path = "emma-fitme-mmh";
			sourceTree = "<group>";
		};
		4838B64C27BA897E0020D517 /* Preview Content */ = {
			isa = PBXGroup;
			children = (
				4838B64D27BA897E0020D517 /* Preview Assets.xcassets */,
				4838B64A27BA897E0020D517 /* Assets.xcassets */,
			);
			path = "Preview Content";
			sourceTree = "<group>";
		};
		4838B65A27BAA7EE0020D517 /* Views */ = {
			isa = PBXGroup;
			children = (
				4838B65427BA8AC10020D517 /* TabBar.swift */,
				4838B64827BA897C0020D517 /* ContentView.swift */,
				4838B65B27BAA8070020D517 /* Programs.swift */,
				4838B65D27BAA81E0020D517 /* YourPlan.swift */,
				4838B65F27BAA82D0020D517 /* Exercise.swift */,
				4838B66127BAA83D0020D517 /* Profiles.swift */,
			);
			path = Views;
			sourceTree = "<group>";
		};
		4859DA0727BFE10800E398D3 /* Components */ = {
			isa = PBXGroup;
			children = (
				4859DA0827BFE12E00E398D3 /* exercise-list.swift */,
				48E6F0C527C534EB00402199 /* ProfileHeader.swift */,
				48E6F0C727C5377E00402199 /* profileList.swift */,
				48EA754527CD212400EFB89A /* picker.swift */,
				4816266627D0CC7C00A41850 /* calender.swift */,
			);
			path = Components;
			sourceTree = "<group>";
		};
		4883D1EC27CF9CE30008B3DD /* Models */ = {
			isa = PBXGroup;
			children = (
				4838B65827BA9D650020D517 /* Tab.swift */,
			);
			path = Models;
			sourceTree = "<group>";
		};
		48C3309727DB60BC007ED245 /* HelperScreens */ = {
			isa = PBXGroup;
			children = (
				480A9A5027D220C3009F63A0 /* ApiDemo.swift */,
				48C3309827DB610B007ED245 /* MatchedGeometryEffect.swift */,
				48C3309A27DB7047007ED245 /* PlayView.swift */,
			);
			path = HelperScreens;
			sourceTree = "<group>";
		};
/* End PBXGroup section */

/* Begin PBXNativeTarget section */
		4838B64227BA897C0020D517 /* emma-fitme-mmh */ = {
			isa = PBXNativeTarget;
			buildConfigurationList = 4838B65127BA897E0020D517 /* Build configuration list for PBXNativeTarget "emma-fitme-mmh" */;
			buildPhases = (
				4838B63F27BA897C0020D517 /* Sources */,
				4838B64027BA897C0020D517 /* Frameworks */,
				4838B64127BA897C0020D517 /* Resources */,
			);
			buildRules = (
			);
			dependencies = (
			);
			name = "emma-fitme-mmh";
			productName = "emma-fitme-mmh";
			productReference = 4838B64327BA897C0020D517 /* emma-fitme-mmh.app */;
			productType = "com.apple.product-type.application";
		};
/* End PBXNativeTarget section */

/* Begin PBXProject section */
		4838B63B27BA897C0020D517 /* Project object */ = {
			isa = PBXProject;
			attributes = {
				BuildIndependentTargetsInParallel = 1;
				LastSwiftUpdateCheck = 1320;
				LastUpgradeCheck = 1320;
				TargetAttributes = {
					4838B64227BA897C0020D517 = {
						CreatedOnToolsVersion = 13.2.1;
					};
				};
			};
			buildConfigurationList = 4838B63E27BA897C0020D517 /* Build configuration list for PBXProject "emma-fitme-mmh" */;
			compatibilityVersion = "Xcode 13.0";
			developmentRegion = en;
			hasScannedForEncodings = 0;
			knownRegions = (
				en,
				Base,
			);
			mainGroup = 4838B63A27BA897C0020D517;
			productRefGroup = 4838B64427BA897C0020D517 /* Products */;
			projectDirPath = "";
			projectRoot = "";
			targets = (
				4838B64227BA897C0020D517 /* emma-fitme-mmh */,
			);
		};
/* End PBXProject section */

/* Begin PBXResourcesBuildPhase section */
		4838B64127BA897C0020D517 /* Resources */ = {
			isa = PBXResourcesBuildPhase;
			buildActionMask = 2147483647;
			files = (
				4838B64E27BA897E0020D517 /* Preview Assets.xcassets in Resources */,
				4838B64B27BA897E0020D517 /* Assets.xcassets in Resources */,
			);
			runOnlyForDeploymentPostprocessing = 0;
		};
/* End PBXResourcesBuildPhase section */

/* Begin PBXSourcesBuildPhase section */
		4838B63F27BA897C0020D517 /* Sources */ = {
			isa = PBXSourcesBuildPhase;
			buildActionMask = 2147483647;
			files = (
				4838B65527BA8AC10020D517 /* TabBar.swift in Sources */,
				480A9A5127D220C3009F63A0 /* ApiDemo.swift in Sources */,
				48EA754627CD212400EFB89A /* picker.swift in Sources */,
				4838B66027BAA82D0020D517 /* Exercise.swift in Sources */,
				4838B65E27BAA81E0020D517 /* YourPlan.swift in Sources */,
				4838B65C27BAA8070020D517 /* Programs.swift in Sources */,
				4838B65927BA9D650020D517 /* Tab.swift in Sources */,
				4838B66227BAA83D0020D517 /* Profiles.swift in Sources */,
				4838B64927BA897C0020D517 /* ContentView.swift in Sources */,
				48C3309927DB610B007ED245 /* MatchedGeometryEffect.swift in Sources */,
				48C3309B27DB7047007ED245 /* PlayView.swift in Sources */,
				4859DA0927BFE12E00E398D3 /* exercise-list.swift in Sources */,
				4816266727D0CC7C00A41850 /* calender.swift in Sources */,
				48E6F0C627C534EB00402199 /* ProfileHeader.swift in Sources */,
				48E6F0C827C5377E00402199 /* profileList.swift in Sources */,
				4838B64727BA897C0020D517 /* emma_fitme_mmhApp.swift in Sources */,
			);
			runOnlyForDeploymentPostprocessing = 0;
		};
/* End PBXSourcesBuildPhase section */

/* Begin XCBuildConfiguration section */
		4838B64F27BA897E0020D517 /* Debug */ = {
			isa = XCBuildConfiguration;
			buildSettings = {
				ALWAYS_SEARCH_USER_PATHS = NO;
				CLANG_ANALYZER_NONNULL = YES;
				CLANG_ANALYZER_NUMBER_OBJECT_CONVERSION = YES_AGGRESSIVE;
				CLANG_CXX_LANGUAGE_STANDARD = "gnu++17";
				CLANG_CXX_LIBRARY = "libc++";
				CLANG_ENABLE_MODULES = YES;
				CLANG_ENABLE_OBJC_ARC = YES;
				CLANG_ENABLE_OBJC_WEAK = YES;
				CLANG_WARN_BLOCK_CAPTURE_AUTORELEASING = YES;
				CLANG_WARN_BOOL_CONVERSION = YES;
				CLANG_WARN_COMMA = YES;
				CLANG_WARN_CONSTANT_CONVERSION = YES;
				CLANG_WARN_DEPRECATED_OBJC_IMPLEMENTATIONS = YES;
				CLANG_WARN_DIRECT_OBJC_ISA_USAGE = YES_ERROR;
				CLANG_WARN_DOCUMENTATION_COMMENTS = YES;
				CLANG_WARN_EMPTY_BODY = YES;
				CLANG_WARN_ENUM_CONVERSION = YES;
				CLANG_WARN_INFINITE_RECURSION = YES;
				CLANG_WARN_INT_CONVERSION = YES;
				CLANG_WARN_NON_LITERAL_NULL_CONVERSION = YES;
				CLANG_WARN_OBJC_IMPLICIT_RETAIN_SELF = YES;
				CLANG_WARN_OBJC_LITERAL_CONVERSION = YES;
				CLANG_WARN_OBJC_ROOT_CLASS = YES_ERROR;
				CLANG_WARN_QUOTED_INCLUDE_IN_FRAMEWORK_HEADER = YES;
				CLANG_WARN_RANGE_LOOP_ANALYSIS = YES;
				CLANG_WARN_STRICT_PROTOTYPES = YES;
				CLANG_WARN_SUSPICIOUS_MOVE = YES;
				CLANG_WARN_UNGUARDED_AVAILABILITY = YES_AGGRESSIVE;
				CLANG_WARN_UNREACHABLE_CODE = YES;
				CLANG_WARN__DUPLICATE_METHOD_MATCH = YES;
				COPY_PHASE_STRIP = NO;
				DEBUG_INFORMATION_FORMAT = dwarf;
				ENABLE_STRICT_OBJC_MSGSEND = YES;
				ENABLE_TESTABILITY = YES;
				GCC_C_LANGUAGE_STANDARD = gnu11;
				GCC_DYNAMIC_NO_PIC = NO;
				GCC_NO_COMMON_BLOCKS = YES;
				GCC_OPTIMIZATION_LEVEL = 0;
				GCC_PREPROCESSOR_DEFINITIONS = (
					"DEBUG=1",
					"$(inherited)",
				);
				GCC_WARN_64_TO_32_BIT_CONVERSION = YES;
				GCC_WARN_ABOUT_RETURN_TYPE = YES_ERROR;
				GCC_WARN_UNDECLARED_SELECTOR = YES;
				GCC_WARN_UNINITIALIZED_AUTOS = YES_AGGRESSIVE;
				GCC_WARN_UNUSED_FUNCTION = YES;
				GCC_WARN_UNUSED_VARIABLE = YES;
				IPHONEOS_DEPLOYMENT_TARGET = 15.2;
				MTL_ENABLE_DEBUG_INFO = INCLUDE_SOURCE;
				MTL_FAST_MATH = YES;
				ONLY_ACTIVE_ARCH = YES;
				SDKROOT = iphoneos;
				SWIFT_ACTIVE_COMPILATION_CONDITIONS = DEBUG;
				SWIFT_OPTIMIZATION_LEVEL = "-Onone";
			};
			name = Debug;
		};
		4838B65027BA897E0020D517 /* Release */ = {
			isa = XCBuildConfiguration;
			buildSettings = {
				ALWAYS_SEARCH_USER_PATHS = NO;
				CLANG_ANALYZER_NONNULL = YES;
				CLANG_ANALYZER_NUMBER_OBJECT_CONVERSION = YES_AGGRESSIVE;
				CLANG_CXX_LANGUAGE_STANDARD = "gnu++17";
				CLANG_CXX_LIBRARY = "libc++";
				CLANG_ENABLE_MODULES = YES;
				CLANG_ENABLE_OBJC_ARC = YES;
				CLANG_ENABLE_OBJC_WEAK = YES;
				CLANG_WARN_BLOCK_CAPTURE_AUTORELEASING = YES;
				CLANG_WARN_BOOL_CONVERSION = YES;
				CLANG_WARN_COMMA = YES;
				CLANG_WARN_CONSTANT_CONVERSION = YES;
				CLANG_WARN_DEPRECATED_OBJC_IMPLEMENTATIONS = YES;
				CLANG_WARN_DIRECT_OBJC_ISA_USAGE = YES_ERROR;
				CLANG_WARN_DOCUMENTATION_COMMENTS = YES;
				CLANG_WARN_EMPTY_BODY = YES;
				CLANG_WARN_ENUM_CONVERSION = YES;
				CLANG_WARN_INFINITE_RECURSION = YES;
				CLANG_WARN_INT_CONVERSION = YES;
				CLANG_WARN_NON_LITERAL_NULL_CONVERSION = YES;
				CLANG_WARN_OBJC_IMPLICIT_RETAIN_SELF = YES;
				CLANG_WARN_OBJC_LITERAL_CONVERSION = YES;
				CLANG_WARN_OBJC_ROOT_CLASS = YES_ERROR;
				CLANG_WARN_QUOTED_INCLUDE_IN_FRAMEWORK_HEADER = YES;
				CLANG_WARN_RANGE_LOOP_ANALYSIS = YES;
				CLANG_WARN_STRICT_PROTOTYPES = YES;
				CLANG_WARN_SUSPICIOUS_MOVE = YES;
				CLANG_WARN_UNGUARDED_AVAILABILITY = YES_AGGRESSIVE;
				CLANG_WARN_UNREACHABLE_CODE = YES;
				CLANG_WARN__DUPLICATE_METHOD_MATCH = YES;
				COPY_PHASE_STRIP = NO;
				DEBUG_INFORMATION_FORMAT = "dwarf-with-dsym";
				ENABLE_NS_ASSERTIONS = NO;
				ENABLE_STRICT_OBJC_MSGSEND = YES;
				GCC_C_LANGUAGE_STANDARD = gnu11;
				GCC_NO_COMMON_BLOCKS = YES;
				GCC_WARN_64_TO_32_BIT_CONVERSION = YES;
				GCC_WARN_ABOUT_RETURN_TYPE = YES_ERROR;
				GCC_WARN_UNDECLARED_SELECTOR = YES;
				GCC_WARN_UNINITIALIZED_AUTOS = YES_AGGRESSIVE;
				GCC_WARN_UNUSED_FUNCTION = YES;
				GCC_WARN_UNUSED_VARIABLE = YES;
				IPHONEOS_DEPLOYMENT_TARGET = 15.2;
				MTL_ENABLE_DEBUG_INFO = NO;
				MTL_FAST_MATH = YES;
				SDKROOT = iphoneos;
				SWIFT_COMPILATION_MODE = wholemodule;
				SWIFT_OPTIMIZATION_LEVEL = "-O";
				VALIDATE_PRODUCT = YES;
			};
			name = Release;
		};
		4838B65227BA897E0020D517 /* Debug */ = {
			isa = XCBuildConfiguration;
			buildSettings = {
				ASSETCATALOG_COMPILER_APPICON_NAME = AppIcon;
				ASSETCATALOG_COMPILER_GLOBAL_ACCENT_COLOR_NAME = AccentColor;
				CODE_SIGN_STYLE = Automatic;
				CURRENT_PROJECT_VERSION = 1;
				DEVELOPMENT_ASSET_PATHS = "\"emma-fitme-mmh/Preview Content\"";
				DEVELOPMENT_TEAM = 6K8F64Q6XV;
				ENABLE_PREVIEWS = YES;
				GENERATE_INFOPLIST_FILE = YES;
				INFOPLIST_KEY_UIApplicationSceneManifest_Generation = YES;
				INFOPLIST_KEY_UIApplicationSupportsIndirectInputEvents = YES;
				INFOPLIST_KEY_UILaunchScreen_Generation = YES;
				INFOPLIST_KEY_UISupportedInterfaceOrientations_iPad = "UIInterfaceOrientationPortrait UIInterfaceOrientationPortraitUpsideDown UIInterfaceOrientationLandscapeLeft UIInterfaceOrientationLandscapeRight";
				INFOPLIST_KEY_UISupportedInterfaceOrientations_iPhone = "UIInterfaceOrientationPortrait UIInterfaceOrientationLandscapeLeft UIInterfaceOrientationLandscapeRight";
				IPHONEOS_DEPLOYMENT_TARGET = 15.2;
				LD_RUNPATH_SEARCH_PATHS = (
					"$(inherited)",
					"@executable_path/Frameworks",
				);
				MARKETING_VERSION = 1.0;
				PRODUCT_BUNDLE_IDENTIFIER = "NA.emma-fitme-mmh";
				PRODUCT_NAME = "$(TARGET_NAME)";
				SWIFT_EMIT_LOC_STRINGS = YES;
				SWIFT_VERSION = 5.0;
				TARGETED_DEVICE_FAMILY = "1,2";
			};
			name = Debug;
		};
		4838B65327BA897E0020D517 /* Release */ = {
			isa = XCBuildConfiguration;
			buildSettings = {
				ASSETCATALOG_COMPILER_APPICON_NAME = AppIcon;
				ASSETCATALOG_COMPILER_GLOBAL_ACCENT_COLOR_NAME = AccentColor;
				CODE_SIGN_STYLE = Automatic;
				CURRENT_PROJECT_VERSION = 1;
				DEVELOPMENT_ASSET_PATHS = "\"emma-fitme-mmh/Preview Content\"";
				DEVELOPMENT_TEAM = 6K8F64Q6XV;
				ENABLE_PREVIEWS = YES;
				GENERATE_INFOPLIST_FILE = YES;
				INFOPLIST_KEY_UIApplicationSceneManifest_Generation = YES;
				INFOPLIST_KEY_UIApplicationSupportsIndirectInputEvents = YES;
				INFOPLIST_KEY_UILaunchScreen_Generation = YES;
				INFOPLIST_KEY_UISupportedInterfaceOrientations_iPad = "UIInterfaceOrientationPortrait UIInterfaceOrientationPortraitUpsideDown UIInterfaceOrientationLandscapeLeft UIInterfaceOrientationLandscapeRight";
				INFOPLIST_KEY_UISupportedInterfaceOrientations_iPhone = "UIInterfaceOrientationPortrait UIInterfaceOrientationLandscapeLeft UIInterfaceOrientationLandscapeRight";
				IPHONEOS_DEPLOYMENT_TARGET = 15.2;
				LD_RUNPATH_SEARCH_PATHS = (
					"$(inherited)",
					"@executable_path/Frameworks",
				);
				MARKETING_VERSION = 1.0;
				PRODUCT_BUNDLE_IDENTIFIER = "NA.emma-fitme-mmh";
				PRODUCT_NAME = "$(TARGET_NAME)";
				SWIFT_EMIT_LOC_STRINGS = YES;
				SWIFT_VERSION = 5.0;
				TARGETED_DEVICE_FAMILY = "1,2";
			};
			name = Release;
		};
/* End XCBuildConfiguration section */

/* Begin XCConfigurationList section */
		4838B63E27BA897C0020D517 /* Build configuration list for PBXProject "emma-fitme-mmh" */ = {
			isa = XCConfigurationList;
			buildConfigurations = (
				4838B64F27BA897E0020D517 /* Debug */,
				4838B65027BA897E0020D517 /* Release */,
			);
			defaultConfigurationIsVisible = 0;
			defaultConfigurationName = Release;
		};
		4838B65127BA897E0020D517 /* Build configuration list for PBXNativeTarget "emma-fitme-mmh" */ = {
			isa = XCConfigurationList;
			buildConfigurations = (
				4838B65227BA897E0020D517 /* Debug */,
				4838B65327BA897E0020D517 /* Release */,
			);
			defaultConfigurationIsVisible = 0;
			defaultConfigurationName = Release;
		};
/* End XCConfigurationList section */
	};
	rootObject = 4838B63B27BA897C0020D517 /* Project object */;
}
